[[package]]
name = "asgiref"
version = "3.5.2"
description = "ASGI specs, helper code, and adapters"
category = "main"
optional = false
python-versions = ">=3.7"

[package.extras]
tests = ["mypy (>=0.800)", "pytest", "pytest-asyncio"]

[[package]]
name = "django"
version = "4.1.2"
description = "A high-level Python web framework that encourages rapid development and clean, pragmatic design."
category = "main"
optional = false
python-versions = ">=3.8"

[package.dependencies]
asgiref = ">=3.5.2,<4"
sqlparse = ">=0.2.2"
tzdata = {version = "*", markers = "sys_platform == \"win32\""}

[package.extras]
argon2 = ["argon2-cffi (>=19.1.0)"]
bcrypt = ["bcrypt"]

[[package]]
name = "django-filter"
version = "22.1"
description = "Django-filter is a reusable Django application for allowing users to filter querysets dynamically."
category = "main"
optional = false
python-versions = ">=3.7"

[package.dependencies]
Django = ">=3.2"

[[package]]
name = "djangorestframework"
version = "3.12.0"
description = "Web APIs for Django, made easy."
category = "main"
optional = false
python-versions = ">=3.5"

[package.dependencies]
django = ">=2.2"

[[package]]
name = "markdown"
version = "3.4.1"
description = "Python implementation of Markdown."
category = "main"
optional = false
python-versions = ">=3.7"

[package.extras]
testing = ["coverage", "pyyaml"]

[[package]]
name = "pip"
version = "22.3"
description = "The PyPA recommended tool for installing Python packages."
category = "main"
optional = false
python-versions = ">=3.7"

[[package]]
name = "sqlparse"
version = "0.4.3"
description = "A non-validating SQL parser."
category = "main"
optional = false
python-versions = ">=3.5"

[[package]]
name = "tzdata"
version = "2022.5"
description = "Provider of IANA time zone data"
category = "main"
optional = false
python-versions = ">=2"

[metadata]
lock-version = "1.1"
python-versions = "^3.10"
content-hash = "f94fab67290c35feed7ebd1137ec46643cfe8936b135041740065d88f0ed449c"

[metadata.files]
asgiref = [
    {file = "asgiref-3.5.2-py3-none-any.whl", hash = "sha256:1d2880b792ae8757289136f1db2b7b99100ce959b2aa57fd69dab783d05afac4"},
    {file = "asgiref-3.5.2.tar.gz", hash = "sha256:4a29362a6acebe09bf1d6640db38c1dc3d9217c68e6f9f6204d72667fc19a424"},
]
django = [
    {file = "Django-4.1.2-py3-none-any.whl", hash = "sha256:26dc24f99c8956374a054bcbf58aab8dc0cad2e6ac82b0fe036b752c00eee793"},
    {file = "Django-4.1.2.tar.gz", hash = "sha256:b8d843714810ab88d59344507d4447be8b2cf12a49031363b6eed9f1b9b2280f"},
]
django-filter = [
    {file = "django-filter-22.1.tar.gz", hash = "sha256:ed473b76e84f7e83b2511bb2050c3efb36d135207d0128dfe3ae4b36e3594ba5"},
    {file = "django_filter-22.1-py3-none-any.whl", hash = "sha256:ed429e34760127e3520a67f415bec4c905d4649fbe45d0d6da37e6ff5e0287eb"},
]
djangorestframework = [
    {file = "djangorestframework-3.12.0-py3-none-any.whl", hash = "sha256:7fb1c91a8f9aa5ccb39d1568925a6433659dacfc1af7ac757b293d6451ddb9e1"},
    {file = "djangorestframework-3.12.0.tar.gz", hash = "sha256:9d5b07a2dd29b4fb18da2e6a888051f34b286b3bfc1c3fe885a17e16e389c569"},
]
markdown = [
    {file = "Markdown-3.4.1-py3-none-any.whl", hash = "sha256:08fb8465cffd03d10b9dd34a5c3fea908e20391a2a90b88d66362cb05beed186"},
    {file = "Markdown-3.4.1.tar.gz", hash = "sha256:3b809086bb6efad416156e00a0da66fe47618a5d6918dd688f53f40c8e4cfeff"},
]
pip = [
    {file = "pip-22.3-py3-none-any.whl", hash = "sha256:1daab4b8d3b97d1d763caeb01a4640a2250a0ea899e257b1e44b9eded91e15ab"},
    {file = "pip-22.3.tar.gz", hash = "sha256:8182aec21dad6c0a49a2a3d121a87cd524b950e0b6092b181625f07ebdde7530"},
]
sqlparse = [
    {file = "sqlparse-0.4.3-py3-none-any.whl", hash = "sha256:0323c0ec29cd52bceabc1b4d9d579e311f3e4961b98d174201d5622a23b85e34"},
    {file = "sqlparse-0.4.3.tar.gz", hash = "sha256:69ca804846bb114d2ec380e4360a8a340db83f0ccf3afceeb1404df028f57268"},
]
tzdata = [
    {file = "tzdata-2022.5-py2.py3-none-any.whl", hash = "sha256:323161b22b7802fdc78f20ca5f6073639c64f1a7227c40cd3e19fd1d0ce6650a"},
    {file = "tzdata-2022.5.tar.gz", hash = "sha256:e15b2b3005e2546108af42a0eb4ccab4d9e225e2dfbf4f77aad50c70a4b1f3ab"},
]
